// !$*UTF8*$!
{
	archiveVersion = 1;
	classes = {
	};
	objectVersion = 51;
	objects = {

/* Begin PBXBuildFile section */
		7C8BE15525110DCB00EA25DC /* SWAPIAppUITests.swift in Sources */ = {isa = PBXBuildFile; fileRef = 7C8BE15425110DCB00EA25DC /* SWAPIAppUITests.swift */; };
		7C8BE171251112FB00EA25DC /* LaunchScreen.storyboard in Resources */ = {isa = PBXBuildFile; fileRef = 7C8BE164251112FB00EA25DC /* LaunchScreen.storyboard */; };
		7C8BE172251112FB00EA25DC /* Main.storyboard in Resources */ = {isa = PBXBuildFile; fileRef = 7C8BE165251112FB00EA25DC /* Main.storyboard */; };
		7C8BE173251112FB00EA25DC /* Assets.xcassets in Resources */ = {isa = PBXBuildFile; fileRef = 7C8BE16B251112FB00EA25DC /* Assets.xcassets */; };
		7C8BE175251112FB00EA25DC /* AppDelegate.swift in Sources */ = {isa = PBXBuildFile; fileRef = 7C8BE16F251112FB00EA25DC /* AppDelegate.swift */; };
		7C8BE179251130E300EA25DC /* StarWarCharacterModel.swift in Sources */ = {isa = PBXBuildFile; fileRef = 7C8BE178251130E300EA25DC /* StarWarCharacterModel.swift */; };
		7C8BE17B2511328400EA25DC /* Enums.swift in Sources */ = {isa = PBXBuildFile; fileRef = 7C8BE17A2511328400EA25DC /* Enums.swift */; };
		7C8BE17D25113AF700EA25DC /* StarWarFilmModel.swift in Sources */ = {isa = PBXBuildFile; fileRef = 7C8BE17C25113AF700EA25DC /* StarWarFilmModel.swift */; };
		7C8BE17F2511446700EA25DC /* StarWarCharaterListModel.swift in Sources */ = {isa = PBXBuildFile; fileRef = 7C8BE17E2511446700EA25DC /* StarWarCharaterListModel.swift */; };
		7C8BE1812511485400EA25DC /* StarWarCharacterModelTests.swift in Sources */ = {isa = PBXBuildFile; fileRef = 7C8BE1802511485400EA25DC /* StarWarCharacterModelTests.swift */; };
		7C8BE18425114A0700EA25DC /* StarWarCharacter.json in Resources */ = {isa = PBXBuildFile; fileRef = 7C8BE18325114A0700EA25DC /* StarWarCharacter.json */; };
		7C8BE18525114E4600EA25DC /* StarWarCharaterListModel.swift in Sources */ = {isa = PBXBuildFile; fileRef = 7C8BE17E2511446700EA25DC /* StarWarCharaterListModel.swift */; };
		7C8BE18625114FF900EA25DC /* StarWarCharacterModel.swift in Sources */ = {isa = PBXBuildFile; fileRef = 7C8BE178251130E300EA25DC /* StarWarCharacterModel.swift */; };
		7C8BE18725114FFD00EA25DC /* StarWarFilmModel.swift in Sources */ = {isa = PBXBuildFile; fileRef = 7C8BE17C25113AF700EA25DC /* StarWarFilmModel.swift */; };
		7C8BE189251159D600EA25DC /* StarWarCharacterListModelTests.swift in Sources */ = {isa = PBXBuildFile; fileRef = 7C8BE188251159D600EA25DC /* StarWarCharacterListModelTests.swift */; };
		7C8BE18B251159FE00EA25DC /* StarWarCharacterListPage1.json in Resources */ = {isa = PBXBuildFile; fileRef = 7C8BE18A251159FE00EA25DC /* StarWarCharacterListPage1.json */; };
		7C8BE18D25115AF500EA25DC /* StarWarCharacterListPage2.json in Resources */ = {isa = PBXBuildFile; fileRef = 7C8BE18C25115AF500EA25DC /* StarWarCharacterListPage2.json */; };
		7C8BE1902511D8FA00EA25DC /* String.swift in Sources */ = {isa = PBXBuildFile; fileRef = 7C8BE18F2511D8FA00EA25DC /* String.swift */; };
		7C8BE1922511DB4600EA25DC /* StarWarFilm.json in Resources */ = {isa = PBXBuildFile; fileRef = 7C8BE1912511DB4600EA25DC /* StarWarFilm.json */; };
		7C8BE1942511DB7F00EA25DC /* StartWarFilmModelTests.swift in Sources */ = {isa = PBXBuildFile; fileRef = 7C8BE1932511DB7F00EA25DC /* StartWarFilmModelTests.swift */; };
		7C8BE1952511E34300EA25DC /* String.swift in Sources */ = {isa = PBXBuildFile; fileRef = 7C8BE18F2511D8FA00EA25DC /* String.swift */; };
		7C8BE1972511E9BA00EA25DC /* StarWarCharacterRepositoryProtocol.swift in Sources */ = {isa = PBXBuildFile; fileRef = 7C8BE1962511E9BA00EA25DC /* StarWarCharacterRepositoryProtocol.swift */; };
		7C8BE1992511F40E00EA25DC /* StarWarCharacterDataRepository.swift in Sources */ = {isa = PBXBuildFile; fileRef = 7C8BE1982511F40E00EA25DC /* StarWarCharacterDataRepository.swift */; };
		7C8BE19B2511F58800EA25DC /* StarWarCharacterRemoteDataSource.swift in Sources */ = {isa = PBXBuildFile; fileRef = 7C8BE19A2511F58800EA25DC /* StarWarCharacterRemoteDataSource.swift */; };
		7C8BE19D25120CEC00EA25DC /* Errors.swift in Sources */ = {isa = PBXBuildFile; fileRef = 7C8BE19C25120CEC00EA25DC /* Errors.swift */; };
		7C8BE1A025120D4700EA25DC /* StarWarAPIEndPoint.swift in Sources */ = {isa = PBXBuildFile; fileRef = 7C8BE19F25120D4700EA25DC /* StarWarAPIEndPoint.swift */; };
		7C8BE1A52512123800EA25DC /* StarWarCharacterDataSourceTests.swift in Sources */ = {isa = PBXBuildFile; fileRef = 7C8BE1A42512123800EA25DC /* StarWarCharacterDataSourceTests.swift */; };
		C7861EC47846982326D2DCF0 /* Pods_SWAPIAppTests.framework in Frameworks */ = {isa = PBXBuildFile; fileRef = 408A29C8C656903AAA742567 /* Pods_SWAPIAppTests.framework */; };
		D9D9F3C532035FE2E6094419 /* Pods_SWAPIApp_SWAPIAppUITests.framework in Frameworks */ = {isa = PBXBuildFile; fileRef = 2EBA4FAFC34B314DBB88FE9D /* Pods_SWAPIApp_SWAPIAppUITests.framework */; };
		EC95C0F238687FC72EBDF9A0 /* Pods_SWAPIApp.framework in Frameworks */ = {isa = PBXBuildFile; fileRef = D9C34C073CAB192AAA683C4E /* Pods_SWAPIApp.framework */; };
/* End PBXBuildFile section */

/* Begin PBXContainerItemProxy section */
		7C8BE14625110DCB00EA25DC /* PBXContainerItemProxy */ = {
			isa = PBXContainerItemProxy;
			containerPortal = 7C8BE12725110DC600EA25DC /* Project object */;
			proxyType = 1;
			remoteGlobalIDString = 7C8BE12E25110DC600EA25DC;
			remoteInfo = SWAPIApp;
		};
		7C8BE15125110DCB00EA25DC /* PBXContainerItemProxy */ = {
			isa = PBXContainerItemProxy;
			containerPortal = 7C8BE12725110DC600EA25DC /* Project object */;
			proxyType = 1;
			remoteGlobalIDString = 7C8BE12E25110DC600EA25DC;
			remoteInfo = SWAPIApp;
		};
/* End PBXContainerItemProxy section */

/* Begin PBXFileReference section */
		0150CBA388B8BA123AECA705 /* Pods-SWAPIApp-SWAPIAppUITests.debug.xcconfig */ = {isa = PBXFileReference; includeInIndex = 1; lastKnownFileType = text.xcconfig; name = "Pods-SWAPIApp-SWAPIAppUITests.debug.xcconfig"; path = "Target Support Files/Pods-SWAPIApp-SWAPIAppUITests/Pods-SWAPIApp-SWAPIAppUITests.debug.xcconfig"; sourceTree = "<group>"; };
		2EBA4FAFC34B314DBB88FE9D /* Pods_SWAPIApp_SWAPIAppUITests.framework */ = {isa = PBXFileReference; explicitFileType = wrapper.framework; includeInIndex = 0; path = Pods_SWAPIApp_SWAPIAppUITests.framework; sourceTree = BUILT_PRODUCTS_DIR; };
		408A29C8C656903AAA742567 /* Pods_SWAPIAppTests.framework */ = {isa = PBXFileReference; explicitFileType = wrapper.framework; includeInIndex = 0; path = Pods_SWAPIAppTests.framework; sourceTree = BUILT_PRODUCTS_DIR; };
		44BB46E75622B52E1B2FA57F /* Pods-SWAPIAppTests.debug.xcconfig */ = {isa = PBXFileReference; includeInIndex = 1; lastKnownFileType = text.xcconfig; name = "Pods-SWAPIAppTests.debug.xcconfig"; path = "Target Support Files/Pods-SWAPIAppTests/Pods-SWAPIAppTests.debug.xcconfig"; sourceTree = "<group>"; };
		586A04D4C74C428B40029512 /* Pods-SWAPIApp.debug.xcconfig */ = {isa = PBXFileReference; includeInIndex = 1; lastKnownFileType = text.xcconfig; name = "Pods-SWAPIApp.debug.xcconfig"; path = "Target Support Files/Pods-SWAPIApp/Pods-SWAPIApp.debug.xcconfig"; sourceTree = "<group>"; };
		7C8BE12F25110DC600EA25DC /* SWAPIApp.app */ = {isa = PBXFileReference; explicitFileType = wrapper.application; includeInIndex = 0; path = SWAPIApp.app; sourceTree = BUILT_PRODUCTS_DIR; };
		7C8BE14525110DCB00EA25DC /* SWAPIAppTests.xctest */ = {isa = PBXFileReference; explicitFileType = wrapper.cfbundle; includeInIndex = 0; path = SWAPIAppTests.xctest; sourceTree = BUILT_PRODUCTS_DIR; };
		7C8BE14B25110DCB00EA25DC /* Info.plist */ = {isa = PBXFileReference; lastKnownFileType = text.plist.xml; path = Info.plist; sourceTree = "<group>"; };
		7C8BE15025110DCB00EA25DC /* SWAPIAppUITests.xctest */ = {isa = PBXFileReference; explicitFileType = wrapper.cfbundle; includeInIndex = 0; path = SWAPIAppUITests.xctest; sourceTree = BUILT_PRODUCTS_DIR; };
		7C8BE15425110DCB00EA25DC /* SWAPIAppUITests.swift */ = {isa = PBXFileReference; lastKnownFileType = sourcecode.swift; path = SWAPIAppUITests.swift; sourceTree = "<group>"; };
		7C8BE15625110DCB00EA25DC /* Info.plist */ = {isa = PBXFileReference; lastKnownFileType = text.plist.xml; path = Info.plist; sourceTree = "<group>"; };
		7C8BE164251112FB00EA25DC /* LaunchScreen.storyboard */ = {isa = PBXFileReference; fileEncoding = 4; lastKnownFileType = file.storyboard; path = LaunchScreen.storyboard; sourceTree = "<group>"; };
		7C8BE165251112FB00EA25DC /* Main.storyboard */ = {isa = PBXFileReference; fileEncoding = 4; lastKnownFileType = file.storyboard; path = Main.storyboard; sourceTree = "<group>"; };
		7C8BE16B251112FB00EA25DC /* Assets.xcassets */ = {isa = PBXFileReference; lastKnownFileType = folder.assetcatalog; path = Assets.xcassets; sourceTree = "<group>"; };
		7C8BE16C251112FB00EA25DC /* Info.plist */ = {isa = PBXFileReference; fileEncoding = 4; lastKnownFileType = text.plist.xml; path = Info.plist; sourceTree = "<group>"; };
		7C8BE16F251112FB00EA25DC /* AppDelegate.swift */ = {isa = PBXFileReference; fileEncoding = 4; lastKnownFileType = sourcecode.swift; path = AppDelegate.swift; sourceTree = "<group>"; };
		7C8BE178251130E300EA25DC /* StarWarCharacterModel.swift */ = {isa = PBXFileReference; lastKnownFileType = sourcecode.swift; path = StarWarCharacterModel.swift; sourceTree = "<group>"; };
		7C8BE17A2511328400EA25DC /* Enums.swift */ = {isa = PBXFileReference; lastKnownFileType = sourcecode.swift; path = Enums.swift; sourceTree = "<group>"; };
		7C8BE17C25113AF700EA25DC /* StarWarFilmModel.swift */ = {isa = PBXFileReference; lastKnownFileType = sourcecode.swift; path = StarWarFilmModel.swift; sourceTree = "<group>"; };
		7C8BE17E2511446700EA25DC /* StarWarCharaterListModel.swift */ = {isa = PBXFileReference; lastKnownFileType = sourcecode.swift; path = StarWarCharaterListModel.swift; sourceTree = "<group>"; };
		7C8BE1802511485400EA25DC /* StarWarCharacterModelTests.swift */ = {isa = PBXFileReference; lastKnownFileType = sourcecode.swift; path = StarWarCharacterModelTests.swift; sourceTree = "<group>"; };
		7C8BE18325114A0700EA25DC /* StarWarCharacter.json */ = {isa = PBXFileReference; lastKnownFileType = text.json; path = StarWarCharacter.json; sourceTree = "<group>"; };
		7C8BE188251159D600EA25DC /* StarWarCharacterListModelTests.swift */ = {isa = PBXFileReference; lastKnownFileType = sourcecode.swift; path = StarWarCharacterListModelTests.swift; sourceTree = "<group>"; };
		7C8BE18A251159FE00EA25DC /* StarWarCharacterListPage1.json */ = {isa = PBXFileReference; lastKnownFileType = text.json; path = StarWarCharacterListPage1.json; sourceTree = "<group>"; };
		7C8BE18C25115AF500EA25DC /* StarWarCharacterListPage2.json */ = {isa = PBXFileReference; lastKnownFileType = text.json; path = StarWarCharacterListPage2.json; sourceTree = "<group>"; };
		7C8BE18F2511D8FA00EA25DC /* String.swift */ = {isa = PBXFileReference; lastKnownFileType = sourcecode.swift; path = String.swift; sourceTree = "<group>"; };
		7C8BE1912511DB4600EA25DC /* StarWarFilm.json */ = {isa = PBXFileReference; lastKnownFileType = text.json; path = StarWarFilm.json; sourceTree = "<group>"; };
		7C8BE1932511DB7F00EA25DC /* StartWarFilmModelTests.swift */ = {isa = PBXFileReference; lastKnownFileType = sourcecode.swift; path = StartWarFilmModelTests.swift; sourceTree = "<group>"; };
		7C8BE1962511E9BA00EA25DC /* StarWarCharacterRepositoryProtocol.swift */ = {isa = PBXFileReference; lastKnownFileType = sourcecode.swift; path = StarWarCharacterRepositoryProtocol.swift; sourceTree = "<group>"; };
		7C8BE1982511F40E00EA25DC /* StarWarCharacterDataRepository.swift */ = {isa = PBXFileReference; lastKnownFileType = sourcecode.swift; path = StarWarCharacterDataRepository.swift; sourceTree = "<group>"; };
		7C8BE19A2511F58800EA25DC /* StarWarCharacterRemoteDataSource.swift */ = {isa = PBXFileReference; lastKnownFileType = sourcecode.swift; path = StarWarCharacterRemoteDataSource.swift; sourceTree = "<group>"; };
		7C8BE19C25120CEC00EA25DC /* Errors.swift */ = {isa = PBXFileReference; lastKnownFileType = sourcecode.swift; path = Errors.swift; sourceTree = "<group>"; };
		7C8BE19F25120D4700EA25DC /* StarWarAPIEndPoint.swift */ = {isa = PBXFileReference; lastKnownFileType = sourcecode.swift; path = StarWarAPIEndPoint.swift; sourceTree = "<group>"; };
		7C8BE1A42512123800EA25DC /* StarWarCharacterDataSourceTests.swift */ = {isa = PBXFileReference; lastKnownFileType = sourcecode.swift; path = StarWarCharacterDataSourceTests.swift; sourceTree = "<group>"; };
		99A2182384A3F41878C1B5DF /* Pods-SWAPIAppTests.release.xcconfig */ = {isa = PBXFileReference; includeInIndex = 1; lastKnownFileType = text.xcconfig; name = "Pods-SWAPIAppTests.release.xcconfig"; path = "Target Support Files/Pods-SWAPIAppTests/Pods-SWAPIAppTests.release.xcconfig"; sourceTree = "<group>"; };
		A5E6338F2D9E77B9C8C32337 /* Pods-SWAPIApp-SWAPIAppUITests.release.xcconfig */ = {isa = PBXFileReference; includeInIndex = 1; lastKnownFileType = text.xcconfig; name = "Pods-SWAPIApp-SWAPIAppUITests.release.xcconfig"; path = "Target Support Files/Pods-SWAPIApp-SWAPIAppUITests/Pods-SWAPIApp-SWAPIAppUITests.release.xcconfig"; sourceTree = "<group>"; };
		C29B21D258457F359E8DAFED /* Pods-SWAPIApp.release.xcconfig */ = {isa = PBXFileReference; includeInIndex = 1; lastKnownFileType = text.xcconfig; name = "Pods-SWAPIApp.release.xcconfig"; path = "Target Support Files/Pods-SWAPIApp/Pods-SWAPIApp.release.xcconfig"; sourceTree = "<group>"; };
		D9C34C073CAB192AAA683C4E /* Pods_SWAPIApp.framework */ = {isa = PBXFileReference; explicitFileType = wrapper.framework; includeInIndex = 0; path = Pods_SWAPIApp.framework; sourceTree = BUILT_PRODUCTS_DIR; };
/* End PBXFileReference section */

/* Begin PBXFrameworksBuildPhase section */
		7C8BE12C25110DC600EA25DC /* Frameworks */ = {
			isa = PBXFrameworksBuildPhase;
			buildActionMask = 2147483647;
			files = (
				EC95C0F238687FC72EBDF9A0 /* Pods_SWAPIApp.framework in Frameworks */,
			);
			runOnlyForDeploymentPostprocessing = 0;
		};
		7C8BE14225110DCB00EA25DC /* Frameworks */ = {
			isa = PBXFrameworksBuildPhase;
			buildActionMask = 2147483647;
			files = (
				C7861EC47846982326D2DCF0 /* Pods_SWAPIAppTests.framework in Frameworks */,
			);
			runOnlyForDeploymentPostprocessing = 0;
		};
		7C8BE14D25110DCB00EA25DC /* Frameworks */ = {
			isa = PBXFrameworksBuildPhase;
			buildActionMask = 2147483647;
			files = (
				D9D9F3C532035FE2E6094419 /* Pods_SWAPIApp_SWAPIAppUITests.framework in Frameworks */,
			);
			runOnlyForDeploymentPostprocessing = 0;
		};
/* End PBXFrameworksBuildPhase section */

/* Begin PBXGroup section */
		53FA0FB5D2959889266C4626 /* Pods */ = {
			isa = PBXGroup;
			children = (
				586A04D4C74C428B40029512 /* Pods-SWAPIApp.debug.xcconfig */,
				C29B21D258457F359E8DAFED /* Pods-SWAPIApp.release.xcconfig */,
				0150CBA388B8BA123AECA705 /* Pods-SWAPIApp-SWAPIAppUITests.debug.xcconfig */,
				A5E6338F2D9E77B9C8C32337 /* Pods-SWAPIApp-SWAPIAppUITests.release.xcconfig */,
				44BB46E75622B52E1B2FA57F /* Pods-SWAPIAppTests.debug.xcconfig */,
				99A2182384A3F41878C1B5DF /* Pods-SWAPIAppTests.release.xcconfig */,
			);
			path = Pods;
			sourceTree = "<group>";
		};
		7C8BE12625110DC600EA25DC = {
			isa = PBXGroup;
			children = (
				7C8BE13125110DC600EA25DC /* SWAPIApp */,
				7C8BE14825110DCB00EA25DC /* SWAPIAppTests */,
				7C8BE15325110DCB00EA25DC /* SWAPIAppUITests */,
				7C8BE13025110DC600EA25DC /* Products */,
				53FA0FB5D2959889266C4626 /* Pods */,
				9632FCA6DBC9256AB0E51724 /* Frameworks */,
			);
			sourceTree = "<group>";
		};
		7C8BE13025110DC600EA25DC /* Products */ = {
			isa = PBXGroup;
			children = (
				7C8BE12F25110DC600EA25DC /* SWAPIApp.app */,
				7C8BE14525110DCB00EA25DC /* SWAPIAppTests.xctest */,
				7C8BE15025110DCB00EA25DC /* SWAPIAppUITests.xctest */,
			);
			name = Products;
			sourceTree = "<group>";
		};
		7C8BE13125110DC600EA25DC /* SWAPIApp */ = {
			isa = PBXGroup;
			children = (
				7C8BE16E251112FB00EA25DC /* AppDelegate */,
				7C8BE162251112FB00EA25DC /* UI */,
				7C8BE16D251112FB00EA25DC /* ViewControllers */,
				7C8BE170251112FB00EA25DC /* ViewModels */,
				7C8BE168251112FB00EA25DC /* Models */,
				7C8BE167251112FB00EA25DC /* Services */,
				7C8BE177251115B600EA25DC /* AppConstants */,
				7C8BE176251115B600EA25DC /* Helpers */,
				7C8BE169251112FB00EA25DC /* Resources */,
			);
			path = SWAPIApp;
			sourceTree = "<group>";
		};
		7C8BE14825110DCB00EA25DC /* SWAPIAppTests */ = {
			isa = PBXGroup;
			children = (
				7C8BE1A32512108100EA25DC /* DataSourceTestClasses */,
				7C8BE1A22512106B00EA25DC /* ModelTestClasses */,
				7C8BE14B25110DCB00EA25DC /* Info.plist */,
			);
			path = SWAPIAppTests;
			sourceTree = "<group>";
		};
		7C8BE15325110DCB00EA25DC /* SWAPIAppUITests */ = {
			isa = PBXGroup;
			children = (
				7C8BE15425110DCB00EA25DC /* SWAPIAppUITests.swift */,
				7C8BE15625110DCB00EA25DC /* Info.plist */,
			);
			path = SWAPIAppUITests;
			sourceTree = "<group>";
		};
		7C8BE162251112FB00EA25DC /* UI */ = {
			isa = PBXGroup;
			children = (
				7C8BE163251112FB00EA25DC /* Storyboards */,
				7C8BE166251112FB00EA25DC /* CustomViews */,
			);
			path = UI;
			sourceTree = "<group>";
		};
		7C8BE163251112FB00EA25DC /* Storyboards */ = {
			isa = PBXGroup;
			children = (
				7C8BE164251112FB00EA25DC /* LaunchScreen.storyboard */,
				7C8BE165251112FB00EA25DC /* Main.storyboard */,
			);
			path = Storyboards;
			sourceTree = "<group>";
		};
		7C8BE166251112FB00EA25DC /* CustomViews */ = {
			isa = PBXGroup;
			children = (
			);
			path = CustomViews;
			sourceTree = "<group>";
		};
		7C8BE167251112FB00EA25DC /* Services */ = {
			isa = PBXGroup;
			children = (
				7C8BE19E25120D2F00EA25DC /* API */,
				7C8BE1A125120DAE00EA25DC /* StarWarCharacterRepository */,
				7C8BE1A62512369B00EA25DC /* StarWarFilmRepository */,
			);
			path = Services;
			sourceTree = "<group>";
		};
		7C8BE168251112FB00EA25DC /* Models */ = {
			isa = PBXGroup;
			children = (
				7C8BE17E2511446700EA25DC /* StarWarCharaterListModel.swift */,
				7C8BE178251130E300EA25DC /* StarWarCharacterModel.swift */,
				7C8BE17C25113AF700EA25DC /* StarWarFilmModel.swift */,
			);
			path = Models;
			sourceTree = "<group>";
		};
		7C8BE169251112FB00EA25DC /* Resources */ = {
			isa = PBXGroup;
			children = (
				7C8BE182251149BD00EA25DC /* JSONs */,
				7C8BE16A251112FB00EA25DC /* Images */,
				7C8BE16C251112FB00EA25DC /* Info.plist */,
			);
			path = Resources;
			sourceTree = "<group>";
		};
		7C8BE16A251112FB00EA25DC /* Images */ = {
			isa = PBXGroup;
			children = (
				7C8BE16B251112FB00EA25DC /* Assets.xcassets */,
			);
			path = Images;
			sourceTree = "<group>";
		};
		7C8BE16D251112FB00EA25DC /* ViewControllers */ = {
			isa = PBXGroup;
			children = (
			);
			path = ViewControllers;
			sourceTree = "<group>";
		};
		7C8BE16E251112FB00EA25DC /* AppDelegate */ = {
			isa = PBXGroup;
			children = (
				7C8BE16F251112FB00EA25DC /* AppDelegate.swift */,
			);
			path = AppDelegate;
			sourceTree = "<group>";
		};
		7C8BE170251112FB00EA25DC /* ViewModels */ = {
			isa = PBXGroup;
			children = (
			);
			path = ViewModels;
			sourceTree = "<group>";
		};
		7C8BE176251115B600EA25DC /* Helpers */ = {
			isa = PBXGroup;
			children = (
				7C8BE18E2511D8ED00EA25DC /* Extensions */,
			);
			path = Helpers;
			sourceTree = "<group>";
		};
		7C8BE177251115B600EA25DC /* AppConstants */ = {
			isa = PBXGroup;
			children = (
				7C8BE17A2511328400EA25DC /* Enums.swift */,
				7C8BE19C25120CEC00EA25DC /* Errors.swift */,
			);
			path = AppConstants;
			sourceTree = "<group>";
		};
		7C8BE182251149BD00EA25DC /* JSONs */ = {
			isa = PBXGroup;
			children = (
				7C8BE18325114A0700EA25DC /* StarWarCharacter.json */,
				7C8BE18A251159FE00EA25DC /* StarWarCharacterListPage1.json */,
				7C8BE18C25115AF500EA25DC /* StarWarCharacterListPage2.json */,
				7C8BE1912511DB4600EA25DC /* StarWarFilm.json */,
			);
			path = JSONs;
			sourceTree = "<group>";
		};
		7C8BE18E2511D8ED00EA25DC /* Extensions */ = {
			isa = PBXGroup;
			children = (
				7C8BE18F2511D8FA00EA25DC /* String.swift */,
			);
			path = Extensions;
			sourceTree = "<group>";
		};
		7C8BE19E25120D2F00EA25DC /* API */ = {
			isa = PBXGroup;
			children = (
				7C8BE19F25120D4700EA25DC /* StarWarAPIEndPoint.swift */,
			);
			path = API;
			sourceTree = "<group>";
		};
		7C8BE1A125120DAE00EA25DC /* StarWarCharacterRepository */ = {
			isa = PBXGroup;
			children = (
				7C8BE1962511E9BA00EA25DC /* StarWarCharacterRepositoryProtocol.swift */,
				7C8BE1982511F40E00EA25DC /* StarWarCharacterDataRepository.swift */,
				7C8BE19A2511F58800EA25DC /* StarWarCharacterRemoteDataSource.swift */,
			);
			path = StarWarCharacterRepository;
			sourceTree = "<group>";
		};
		7C8BE1A22512106B00EA25DC /* ModelTestClasses */ = {
			isa = PBXGroup;
			children = (
				7C8BE1802511485400EA25DC /* StarWarCharacterModelTests.swift */,
				7C8BE188251159D600EA25DC /* StarWarCharacterListModelTests.swift */,
				7C8BE1932511DB7F00EA25DC /* StartWarFilmModelTests.swift */,
			);
			path = ModelTestClasses;
			sourceTree = "<group>";
		};
		7C8BE1A32512108100EA25DC /* DataSourceTestClasses */ = {
			isa = PBXGroup;
			children = (
				7C8BE1A42512123800EA25DC /* StarWarCharacterDataSourceTests.swift */,
			);
			path = DataSourceTestClasses;
			sourceTree = "<group>";
		};
		7C8BE1A62512369B00EA25DC /* StarWarFilmRepository */ = {
			isa = PBXGroup;
			children = (
			);
			path = StarWarFilmRepository;
			sourceTree = "<group>";
		};
		9632FCA6DBC9256AB0E51724 /* Frameworks */ = {
			isa = PBXGroup;
			children = (
				D9C34C073CAB192AAA683C4E /* Pods_SWAPIApp.framework */,
				2EBA4FAFC34B314DBB88FE9D /* Pods_SWAPIApp_SWAPIAppUITests.framework */,
				408A29C8C656903AAA742567 /* Pods_SWAPIAppTests.framework */,
			);
			name = Frameworks;
			sourceTree = "<group>";
		};
/* End PBXGroup section */

/* Begin PBXNativeTarget section */
		7C8BE12E25110DC600EA25DC /* SWAPIApp */ = {
			isa = PBXNativeTarget;
			buildConfigurationList = 7C8BE15925110DCB00EA25DC /* Build configuration list for PBXNativeTarget "SWAPIApp" */;
			buildPhases = (
				A8EEABAAA022DA62F85D174D /* [CP] Check Pods Manifest.lock */,
				7C8BE12B25110DC600EA25DC /* Sources */,
				7C8BE12C25110DC600EA25DC /* Frameworks */,
				7C8BE12D25110DC600EA25DC /* Resources */,
				3D332D7ACFE6D93185AE6AD0 /* [CP] Embed Pods Frameworks */,
			);
			buildRules = (
			);
			dependencies = (
			);
			name = SWAPIApp;
			productName = SWAPIApp;
			productReference = 7C8BE12F25110DC600EA25DC /* SWAPIApp.app */;
			productType = "com.apple.product-type.application";
		};
		7C8BE14425110DCB00EA25DC /* SWAPIAppTests */ = {
			isa = PBXNativeTarget;
			buildConfigurationList = 7C8BE15C25110DCB00EA25DC /* Build configuration list for PBXNativeTarget "SWAPIAppTests" */;
			buildPhases = (
				0083515E7863E5931579C762 /* [CP] Check Pods Manifest.lock */,
				7C8BE14125110DCB00EA25DC /* Sources */,
				7C8BE14225110DCB00EA25DC /* Frameworks */,
				7C8BE14325110DCB00EA25DC /* Resources */,
			);
			buildRules = (
			);
			dependencies = (
				7C8BE14725110DCB00EA25DC /* PBXTargetDependency */,
			);
			name = SWAPIAppTests;
			productName = SWAPIAppTests;
			productReference = 7C8BE14525110DCB00EA25DC /* SWAPIAppTests.xctest */;
			productType = "com.apple.product-type.bundle.unit-test";
		};
		7C8BE14F25110DCB00EA25DC /* SWAPIAppUITests */ = {
			isa = PBXNativeTarget;
			buildConfigurationList = 7C8BE15F25110DCB00EA25DC /* Build configuration list for PBXNativeTarget "SWAPIAppUITests" */;
			buildPhases = (
				078C1F4724C66EE55405808A /* [CP] Check Pods Manifest.lock */,
				7C8BE14C25110DCB00EA25DC /* Sources */,
				7C8BE14D25110DCB00EA25DC /* Frameworks */,
				7C8BE14E25110DCB00EA25DC /* Resources */,
				6056474CD172655BB001717B /* [CP] Embed Pods Frameworks */,
			);
			buildRules = (
			);
			dependencies = (
				7C8BE15225110DCB00EA25DC /* PBXTargetDependency */,
			);
			name = SWAPIAppUITests;
			productName = SWAPIAppUITests;
			productReference = 7C8BE15025110DCB00EA25DC /* SWAPIAppUITests.xctest */;
			productType = "com.apple.product-type.bundle.ui-testing";
		};
/* End PBXNativeTarget section */

/* Begin PBXProject section */
		7C8BE12725110DC600EA25DC /* Project object */ = {
			isa = PBXProject;
			attributes = {
				LastSwiftUpdateCheck = 1140;
				LastUpgradeCheck = 1140;
				ORGANIZATIONNAME = "Arijit Sarkar";
				TargetAttributes = {
					7C8BE12E25110DC600EA25DC = {
						CreatedOnToolsVersion = 11.4.1;
					};
					7C8BE14425110DCB00EA25DC = {
						CreatedOnToolsVersion = 11.4.1;
						TestTargetID = 7C8BE12E25110DC600EA25DC;
					};
					7C8BE14F25110DCB00EA25DC = {
						CreatedOnToolsVersion = 11.4.1;
						TestTargetID = 7C8BE12E25110DC600EA25DC;
					};
				};
			};
			buildConfigurationList = 7C8BE12A25110DC600EA25DC /* Build configuration list for PBXProject "SWAPIApp" */;
			compatibilityVersion = "Xcode 9.3";
			developmentRegion = en;
			hasScannedForEncodings = 0;
			knownRegions = (
				en,
				Base,
			);
			mainGroup = 7C8BE12625110DC600EA25DC;
			productRefGroup = 7C8BE13025110DC600EA25DC /* Products */;
			projectDirPath = "";
			projectRoot = "";
			targets = (
				7C8BE12E25110DC600EA25DC /* SWAPIApp */,
				7C8BE14425110DCB00EA25DC /* SWAPIAppTests */,
				7C8BE14F25110DCB00EA25DC /* SWAPIAppUITests */,
			);
		};
/* End PBXProject section */

/* Begin PBXResourcesBuildPhase section */
		7C8BE12D25110DC600EA25DC /* Resources */ = {
			isa = PBXResourcesBuildPhase;
			buildActionMask = 2147483647;
			files = (
				7C8BE18D25115AF500EA25DC /* StarWarCharacterListPage2.json in Resources */,
				7C8BE1922511DB4600EA25DC /* StarWarFilm.json in Resources */,
				7C8BE171251112FB00EA25DC /* LaunchScreen.storyboard in Resources */,
				7C8BE173251112FB00EA25DC /* Assets.xcassets in Resources */,
				7C8BE18425114A0700EA25DC /* StarWarCharacter.json in Resources */,
				7C8BE18B251159FE00EA25DC /* StarWarCharacterListPage1.json in Resources */,
				7C8BE172251112FB00EA25DC /* Main.storyboard in Resources */,
			);
			runOnlyForDeploymentPostprocessing = 0;
		};
		7C8BE14325110DCB00EA25DC /* Resources */ = {
			isa = PBXResourcesBuildPhase;
			buildActionMask = 2147483647;
			files = (
			);
			runOnlyForDeploymentPostprocessing = 0;
		};
		7C8BE14E25110DCB00EA25DC /* Resources */ = {
			isa = PBXResourcesBuildPhase;
			buildActionMask = 2147483647;
			files = (
			);
			runOnlyForDeploymentPostprocessing = 0;
		};
/* End PBXResourcesBuildPhase section */

/* Begin PBXShellScriptBuildPhase section */
		0083515E7863E5931579C762 /* [CP] Check Pods Manifest.lock */ = {
			isa = PBXShellScriptBuildPhase;
			buildActionMask = 2147483647;
			files = (
			);
			inputFileListPaths = (
			);
			inputPaths = (
				"${PODS_PODFILE_DIR_PATH}/Podfile.lock",
				"${PODS_ROOT}/Manifest.lock",
			);
			name = "[CP] Check Pods Manifest.lock";
			outputFileListPaths = (
			);
			outputPaths = (
				"$(DERIVED_FILE_DIR)/Pods-SWAPIAppTests-checkManifestLockResult.txt",
			);
			runOnlyForDeploymentPostprocessing = 0;
			shellPath = /bin/sh;
			shellScript = "diff \"${PODS_PODFILE_DIR_PATH}/Podfile.lock\" \"${PODS_ROOT}/Manifest.lock\" > /dev/null\nif [ $? != 0 ] ; then\n    # print error to STDERR\n    echo \"error: The sandbox is not in sync with the Podfile.lock. Run 'pod install' or update your CocoaPods installation.\" >&2\n    exit 1\nfi\n# This output is used by Xcode 'outputs' to avoid re-running this script phase.\necho \"SUCCESS\" > \"${SCRIPT_OUTPUT_FILE_0}\"\n";
			showEnvVarsInLog = 0;
		};
		078C1F4724C66EE55405808A /* [CP] Check Pods Manifest.lock */ = {
			isa = PBXShellScriptBuildPhase;
			buildActionMask = 2147483647;
			files = (
			);
			inputFileListPaths = (
			);
			inputPaths = (
				"${PODS_PODFILE_DIR_PATH}/Podfile.lock",
				"${PODS_ROOT}/Manifest.lock",
			);
			name = "[CP] Check Pods Manifest.lock";
			outputFileListPaths = (
			);
			outputPaths = (
				"$(DERIVED_FILE_DIR)/Pods-SWAPIApp-SWAPIAppUITests-checkManifestLockResult.txt",
			);
			runOnlyForDeploymentPostprocessing = 0;
			shellPath = /bin/sh;
			shellScript = "diff \"${PODS_PODFILE_DIR_PATH}/Podfile.lock\" \"${PODS_ROOT}/Manifest.lock\" > /dev/null\nif [ $? != 0 ] ; then\n    # print error to STDERR\n    echo \"error: The sandbox is not in sync with the Podfile.lock. Run 'pod install' or update your CocoaPods installation.\" >&2\n    exit 1\nfi\n# This output is used by Xcode 'outputs' to avoid re-running this script phase.\necho \"SUCCESS\" > \"${SCRIPT_OUTPUT_FILE_0}\"\n";
			showEnvVarsInLog = 0;
		};
		3D332D7ACFE6D93185AE6AD0 /* [CP] Embed Pods Frameworks */ = {
			isa = PBXShellScriptBuildPhase;
			buildActionMask = 2147483647;
			files = (
			);
			inputFileListPaths = (
				"${PODS_ROOT}/Target Support Files/Pods-SWAPIApp/Pods-SWAPIApp-frameworks-${CONFIGURATION}-input-files.xcfilelist",
			);
			name = "[CP] Embed Pods Frameworks";
			outputFileListPaths = (
				"${PODS_ROOT}/Target Support Files/Pods-SWAPIApp/Pods-SWAPIApp-frameworks-${CONFIGURATION}-output-files.xcfilelist",
			);
			runOnlyForDeploymentPostprocessing = 0;
			shellPath = /bin/sh;
			shellScript = "\"${PODS_ROOT}/Target Support Files/Pods-SWAPIApp/Pods-SWAPIApp-frameworks.sh\"\n";
			showEnvVarsInLog = 0;
		};
		6056474CD172655BB001717B /* [CP] Embed Pods Frameworks */ = {
			isa = PBXShellScriptBuildPhase;
			buildActionMask = 2147483647;
			files = (
			);
			inputFileListPaths = (
				"${PODS_ROOT}/Target Support Files/Pods-SWAPIApp-SWAPIAppUITests/Pods-SWAPIApp-SWAPIAppUITests-frameworks-${CONFIGURATION}-input-files.xcfilelist",
			);
			name = "[CP] Embed Pods Frameworks";
			outputFileListPaths = (
				"${PODS_ROOT}/Target Support Files/Pods-SWAPIApp-SWAPIAppUITests/Pods-SWAPIApp-SWAPIAppUITests-frameworks-${CONFIGURATION}-output-files.xcfilelist",
			);
			runOnlyForDeploymentPostprocessing = 0;
			shellPath = /bin/sh;
			shellScript = "\"${PODS_ROOT}/Target Support Files/Pods-SWAPIApp-SWAPIAppUITests/Pods-SWAPIApp-SWAPIAppUITests-frameworks.sh\"\n";
			showEnvVarsInLog = 0;
		};
		A8EEABAAA022DA62F85D174D /* [CP] Check Pods Manifest.lock */ = {
			isa = PBXShellScriptBuildPhase;
			buildActionMask = 2147483647;
			files = (
			);
			inputFileListPaths = (
			);
			inputPaths = (
				"${PODS_PODFILE_DIR_PATH}/Podfile.lock",
				"${PODS_ROOT}/Manifest.lock",
			);
			name = "[CP] Check Pods Manifest.lock";
			outputFileListPaths = (
			);
			outputPaths = (
				"$(DERIVED_FILE_DIR)/Pods-SWAPIApp-checkManifestLockResult.txt",
			);
			runOnlyForDeploymentPostprocessing = 0;
			shellPath = /bin/sh;
			shellScript = "diff \"${PODS_PODFILE_DIR_PATH}/Podfile.lock\" \"${PODS_ROOT}/Manifest.lock\" > /dev/null\nif [ $? != 0 ] ; then\n    # print error to STDERR\n    echo \"error: The sandbox is not in sync with the Podfile.lock. Run 'pod install' or update your CocoaPods installation.\" >&2\n    exit 1\nfi\n# This output is used by Xcode 'outputs' to avoid re-running this script phase.\necho \"SUCCESS\" > \"${SCRIPT_OUTPUT_FILE_0}\"\n";
			showEnvVarsInLog = 0;
		};
/* End PBXShellScriptBuildPhase section */

/* Begin PBXSourcesBuildPhase section */
		7C8BE12B25110DC600EA25DC /* Sources */ = {
			isa = PBXSourcesBuildPhase;
			buildActionMask = 2147483647;
			files = (
				7C8BE1902511D8FA00EA25DC /* String.swift in Sources */,
				7C8BE1A025120D4700EA25DC /* StarWarAPIEndPoint.swift in Sources */,
				7C8BE17D25113AF700EA25DC /* StarWarFilmModel.swift in Sources */,
				7C8BE1992511F40E00EA25DC /* StarWarCharacterDataRepository.swift in Sources */,
				7C8BE179251130E300EA25DC /* StarWarCharacterModel.swift in Sources */,
				7C8BE1972511E9BA00EA25DC /* StarWarCharacterRepositoryProtocol.swift in Sources */,
				7C8BE17B2511328400EA25DC /* Enums.swift in Sources */,
				7C8BE19D25120CEC00EA25DC /* Errors.swift in Sources */,
				7C8BE17F2511446700EA25DC /* StarWarCharaterListModel.swift in Sources */,
				7C8BE175251112FB00EA25DC /* AppDelegate.swift in Sources */,
				7C8BE19B2511F58800EA25DC /* StarWarCharacterRemoteDataSource.swift in Sources */,
			);
			runOnlyForDeploymentPostprocessing = 0;
		};
		7C8BE14125110DCB00EA25DC /* Sources */ = {
			isa = PBXSourcesBuildPhase;
			buildActionMask = 2147483647;
			files = (
				7C8BE18725114FFD00EA25DC /* StarWarFilmModel.swift in Sources */,
				7C8BE18625114FF900EA25DC /* StarWarCharacterModel.swift in Sources */,
				7C8BE1942511DB7F00EA25DC /* StartWarFilmModelTests.swift in Sources */,
				7C8BE1812511485400EA25DC /* StarWarCharacterModelTests.swift in Sources */,
				7C8BE1952511E34300EA25DC /* String.swift in Sources */,
				7C8BE189251159D600EA25DC /* StarWarCharacterListModelTests.swift in Sources */,
				7C8BE18525114E4600EA25DC /* StarWarCharaterListModel.swift in Sources */,
				7C8BE1A52512123800EA25DC /* StarWarCharacterDataSourceTests.swift in Sources */,
			);
			runOnlyForDeploymentPostprocessing = 0;
		};
		7C8BE14C25110DCB00EA25DC /* Sources */ = {
			isa = PBXSourcesBuildPhase;
			buildActionMask = 2147483647;
			files = (
				7C8BE15525110DCB00EA25DC /* SWAPIAppUITests.swift in Sources */,
			);
			runOnlyForDeploymentPostprocessing = 0;
		};
/* End PBXSourcesBuildPhase section */

/* Begin PBXTargetDependency section */
		7C8BE14725110DCB00EA25DC /* PBXTargetDependency */ = {
			isa = PBXTargetDependency;
			target = 7C8BE12E25110DC600EA25DC /* SWAPIApp */;
			targetProxy = 7C8BE14625110DCB00EA25DC /* PBXContainerItemProxy */;
		};
		7C8BE15225110DCB00EA25DC /* PBXTargetDependency */ = {
			isa = PBXTargetDependency;
			target = 7C8BE12E25110DC600EA25DC /* SWAPIApp */;
			targetProxy = 7C8BE15125110DCB00EA25DC /* PBXContainerItemProxy */;
		};
/* End PBXTargetDependency section */

/* Begin XCBuildConfiguration section */
		7C8BE15725110DCB00EA25DC /* Debug */ = {
			isa = XCBuildConfiguration;
			buildSettings = {
				ALWAYS_SEARCH_USER_PATHS = NO;
				CLANG_ANALYZER_NONNULL = YES;
				CLANG_ANALYZER_NUMBER_OBJECT_CONVERSION = YES_AGGRESSIVE;
				CLANG_CXX_LANGUAGE_STANDARD = "gnu++14";
				CLANG_CXX_LIBRARY = "libc++";
				CLANG_ENABLE_MODULES = YES;
				CLANG_ENABLE_OBJC_ARC = YES;
				CLANG_ENABLE_OBJC_WEAK = YES;
				CLANG_WARN_BLOCK_CAPTURE_AUTORELEASING = YES;
				CLANG_WARN_BOOL_CONVERSION = YES;
				CLANG_WARN_COMMA = YES;
				CLANG_WARN_CONSTANT_CONVERSION = YES;
				CLANG_WARN_DEPRECATED_OBJC_IMPLEMENTATIONS = YES;
				CLANG_WARN_DIRECT_OBJC_ISA_USAGE = YES_ERROR;
				CLANG_WARN_DOCUMENTATION_COMMENTS = YES;
				CLANG_WARN_EMPTY_BODY = YES;
				CLANG_WARN_ENUM_CONVERSION = YES;
				CLANG_WARN_INFINITE_RECURSION = YES;
				CLANG_WARN_INT_CONVERSION = YES;
				CLANG_WARN_NON_LITERAL_NULL_CONVERSION = YES;
				CLANG_WARN_OBJC_IMPLICIT_RETAIN_SELF = YES;
				CLANG_WARN_OBJC_LITERAL_CONVERSION = YES;
				CLANG_WARN_OBJC_ROOT_CLASS = YES_ERROR;
				CLANG_WARN_RANGE_LOOP_ANALYSIS = YES;
				CLANG_WARN_STRICT_PROTOTYPES = YES;
				CLANG_WARN_SUSPICIOUS_MOVE = YES;
				CLANG_WARN_UNGUARDED_AVAILABILITY = YES_AGGRESSIVE;
				CLANG_WARN_UNREACHABLE_CODE = YES;
				CLANG_WARN__DUPLICATE_METHOD_MATCH = YES;
				COPY_PHASE_STRIP = NO;
				DEBUG_INFORMATION_FORMAT = dwarf;
				ENABLE_STRICT_OBJC_MSGSEND = YES;
				ENABLE_TESTABILITY = YES;
				GCC_C_LANGUAGE_STANDARD = gnu11;
				GCC_DYNAMIC_NO_PIC = NO;
				GCC_NO_COMMON_BLOCKS = YES;
				GCC_OPTIMIZATION_LEVEL = 0;
				GCC_PREPROCESSOR_DEFINITIONS = (
					"DEBUG=1",
					"$(inherited)",
				);
				GCC_WARN_64_TO_32_BIT_CONVERSION = YES;
				GCC_WARN_ABOUT_RETURN_TYPE = YES_ERROR;
				GCC_WARN_UNDECLARED_SELECTOR = YES;
				GCC_WARN_UNINITIALIZED_AUTOS = YES_AGGRESSIVE;
				GCC_WARN_UNUSED_FUNCTION = YES;
				GCC_WARN_UNUSED_VARIABLE = YES;
				IPHONEOS_DEPLOYMENT_TARGET = 13.4;
				MTL_ENABLE_DEBUG_INFO = INCLUDE_SOURCE;
				MTL_FAST_MATH = YES;
				ONLY_ACTIVE_ARCH = YES;
				SDKROOT = iphoneos;
				SWIFT_ACTIVE_COMPILATION_CONDITIONS = DEBUG;
				SWIFT_OPTIMIZATION_LEVEL = "-Onone";
			};
			name = Debug;
		};
		7C8BE15825110DCB00EA25DC /* Release */ = {
			isa = XCBuildConfiguration;
			buildSettings = {
				ALWAYS_SEARCH_USER_PATHS = NO;
				CLANG_ANALYZER_NONNULL = YES;
				CLANG_ANALYZER_NUMBER_OBJECT_CONVERSION = YES_AGGRESSIVE;
				CLANG_CXX_LANGUAGE_STANDARD = "gnu++14";
				CLANG_CXX_LIBRARY = "libc++";
				CLANG_ENABLE_MODULES = YES;
				CLANG_ENABLE_OBJC_ARC = YES;
				CLANG_ENABLE_OBJC_WEAK = YES;
				CLANG_WARN_BLOCK_CAPTURE_AUTORELEASING = YES;
				CLANG_WARN_BOOL_CONVERSION = YES;
				CLANG_WARN_COMMA = YES;
				CLANG_WARN_CONSTANT_CONVERSION = YES;
				CLANG_WARN_DEPRECATED_OBJC_IMPLEMENTATIONS = YES;
				CLANG_WARN_DIRECT_OBJC_ISA_USAGE = YES_ERROR;
				CLANG_WARN_DOCUMENTATION_COMMENTS = YES;
				CLANG_WARN_EMPTY_BODY = YES;
				CLANG_WARN_ENUM_CONVERSION = YES;
				CLANG_WARN_INFINITE_RECURSION = YES;
				CLANG_WARN_INT_CONVERSION = YES;
				CLANG_WARN_NON_LITERAL_NULL_CONVERSION = YES;
				CLANG_WARN_OBJC_IMPLICIT_RETAIN_SELF = YES;
				CLANG_WARN_OBJC_LITERAL_CONVERSION = YES;
				CLANG_WARN_OBJC_ROOT_CLASS = YES_ERROR;
				CLANG_WARN_RANGE_LOOP_ANALYSIS = YES;
				CLANG_WARN_STRICT_PROTOTYPES = YES;
				CLANG_WARN_SUSPICIOUS_MOVE = YES;
				CLANG_WARN_UNGUARDED_AVAILABILITY = YES_AGGRESSIVE;
				CLANG_WARN_UNREACHABLE_CODE = YES;
				CLANG_WARN__DUPLICATE_METHOD_MATCH = YES;
				COPY_PHASE_STRIP = NO;
				DEBUG_INFORMATION_FORMAT = "dwarf-with-dsym";
				ENABLE_NS_ASSERTIONS = NO;
				ENABLE_STRICT_OBJC_MSGSEND = YES;
				GCC_C_LANGUAGE_STANDARD = gnu11;
				GCC_NO_COMMON_BLOCKS = YES;
				GCC_WARN_64_TO_32_BIT_CONVERSION = YES;
				GCC_WARN_ABOUT_RETURN_TYPE = YES_ERROR;
				GCC_WARN_UNDECLARED_SELECTOR = YES;
				GCC_WARN_UNINITIALIZED_AUTOS = YES_AGGRESSIVE;
				GCC_WARN_UNUSED_FUNCTION = YES;
				GCC_WARN_UNUSED_VARIABLE = YES;
				IPHONEOS_DEPLOYMENT_TARGET = 13.4;
				MTL_ENABLE_DEBUG_INFO = NO;
				MTL_FAST_MATH = YES;
				SDKROOT = iphoneos;
				SWIFT_COMPILATION_MODE = wholemodule;
				SWIFT_OPTIMIZATION_LEVEL = "-O";
				VALIDATE_PRODUCT = YES;
			};
			name = Release;
		};
		7C8BE15A25110DCB00EA25DC /* Debug */ = {
			isa = XCBuildConfiguration;
			baseConfigurationReference = 586A04D4C74C428B40029512 /* Pods-SWAPIApp.debug.xcconfig */;
			buildSettings = {
				ASSETCATALOG_COMPILER_APPICON_NAME = AppIcon;
				CODE_SIGN_STYLE = Automatic;
				DEVELOPMENT_TEAM = 5Y3EGTYSS4;
				INFOPLIST_FILE = "$(SRCROOT)/SWAPIApp/Resources/Info.plist";
				IPHONEOS_DEPLOYMENT_TARGET = 13.0;
				LD_RUNPATH_SEARCH_PATHS = (
					"$(inherited)",
					"@executable_path/Frameworks",
				);
				PRODUCT_BUNDLE_IDENTIFIER = com.arijit.SWAPIApp;
				PRODUCT_NAME = "$(TARGET_NAME)";
				SWIFT_VERSION = 5.0;
				TARGETED_DEVICE_FAMILY = "1,2";
			};
			name = Debug;
		};
		7C8BE15B25110DCB00EA25DC /* Release */ = {
			isa = XCBuildConfiguration;
			baseConfigurationReference = C29B21D258457F359E8DAFED /* Pods-SWAPIApp.release.xcconfig */;
			buildSettings = {
				ASSETCATALOG_COMPILER_APPICON_NAME = AppIcon;
				CODE_SIGN_STYLE = Automatic;
				DEVELOPMENT_TEAM = 5Y3EGTYSS4;
				INFOPLIST_FILE = "$(SRCROOT)/SWAPIApp/Resources/Info.plist";
				IPHONEOS_DEPLOYMENT_TARGET = 13.0;
				LD_RUNPATH_SEARCH_PATHS = (
					"$(inherited)",
					"@executable_path/Frameworks",
				);
				PRODUCT_BUNDLE_IDENTIFIER = com.arijit.SWAPIApp;
				PRODUCT_NAME = "$(TARGET_NAME)";
				SWIFT_VERSION = 5.0;
				TARGETED_DEVICE_FAMILY = "1,2";
			};
			name = Release;
		};
		7C8BE15D25110DCB00EA25DC /* Debug */ = {
			isa = XCBuildConfiguration;
			baseConfigurationReference = 44BB46E75622B52E1B2FA57F /* Pods-SWAPIAppTests.debug.xcconfig */;
			buildSettings = {
				ALWAYS_EMBED_SWIFT_STANDARD_LIBRARIES = YES;
				BUNDLE_LOADER = "$(TEST_HOST)";
				CODE_SIGN_STYLE = Automatic;
				DEVELOPMENT_TEAM = 5Y3EGTYSS4;
				INFOPLIST_FILE = SWAPIAppTests/Info.plist;
				IPHONEOS_DEPLOYMENT_TARGET = 13.4;
				LD_RUNPATH_SEARCH_PATHS = (
					"$(inherited)",
					"@executable_path/Frameworks",
					"@loader_path/Frameworks",
				);
				PRODUCT_BUNDLE_IDENTIFIER = com.arijit.SWAPIAppTests;
				PRODUCT_NAME = "$(TARGET_NAME)";
				SWIFT_VERSION = 5.0;
				TARGETED_DEVICE_FAMILY = "1,2";
				TEST_HOST = "$(BUILT_PRODUCTS_DIR)/SWAPIApp.app/SWAPIApp";
			};
			name = Debug;
		};
		7C8BE15E25110DCB00EA25DC /* Release */ = {
			isa = XCBuildConfiguration;
			baseConfigurationReference = 99A2182384A3F41878C1B5DF /* Pods-SWAPIAppTests.release.xcconfig */;
			buildSettings = {
				ALWAYS_EMBED_SWIFT_STANDARD_LIBRARIES = YES;
				BUNDLE_LOADER = "$(TEST_HOST)";
				CODE_SIGN_STYLE = Automatic;
				DEVELOPMENT_TEAM = 5Y3EGTYSS4;
				INFOPLIST_FILE = SWAPIAppTests/Info.plist;
				IPHONEOS_DEPLOYMENT_TARGET = 13.4;
				LD_RUNPATH_SEARCH_PATHS = (
					"$(inherited)",
					"@executable_path/Frameworks",
					"@loader_path/Frameworks",
				);
				PRODUCT_BUNDLE_IDENTIFIER = com.arijit.SWAPIAppTests;
				PRODUCT_NAME = "$(TARGET_NAME)";
				SWIFT_VERSION = 5.0;
				TARGETED_DEVICE_FAMILY = "1,2";
				TEST_HOST = "$(BUILT_PRODUCTS_DIR)/SWAPIApp.app/SWAPIApp";
			};
			name = Release;
		};
		7C8BE16025110DCB00EA25DC /* Debug */ = {
			isa = XCBuildConfiguration;
			baseConfigurationReference = 0150CBA388B8BA123AECA705 /* Pods-SWAPIApp-SWAPIAppUITests.debug.xcconfig */;
			buildSettings = {
				ALWAYS_EMBED_SWIFT_STANDARD_LIBRARIES = YES;
				CODE_SIGN_STYLE = Automatic;
				DEVELOPMENT_TEAM = 5Y3EGTYSS4;
				INFOPLIST_FILE = SWAPIAppUITests/Info.plist;
				LD_RUNPATH_SEARCH_PATHS = (
					"$(inherited)",
					"@executable_path/Frameworks",
					"@loader_path/Frameworks",
				);
				PRODUCT_BUNDLE_IDENTIFIER = com.arijit.SWAPIAppUITests;
				PRODUCT_NAME = "$(TARGET_NAME)";
				SWIFT_VERSION = 5.0;
				TARGETED_DEVICE_FAMILY = "1,2";
				TEST_TARGET_NAME = SWAPIApp;
			};
			name = Debug;
		};
		7C8BE16125110DCB00EA25DC /* Release */ = {
			isa = XCBuildConfiguration;
			baseConfigurationReference = A5E6338F2D9E77B9C8C32337 /* Pods-SWAPIApp-SWAPIAppUITests.release.xcconfig */;
			buildSettings = {
				ALWAYS_EMBED_SWIFT_STANDARD_LIBRARIES = YES;
				CODE_SIGN_STYLE = Automatic;
				DEVELOPMENT_TEAM = 5Y3EGTYSS4;
				INFOPLIST_FILE = SWAPIAppUITests/Info.plist;
				LD_RUNPATH_SEARCH_PATHS = (
					"$(inherited)",
					"@executable_path/Frameworks",
					"@loader_path/Frameworks",
				);
				PRODUCT_BUNDLE_IDENTIFIER = com.arijit.SWAPIAppUITests;
				PRODUCT_NAME = "$(TARGET_NAME)";
				SWIFT_VERSION = 5.0;
				TARGETED_DEVICE_FAMILY = "1,2";
				TEST_TARGET_NAME = SWAPIApp;
			};
			name = Release;
		};
/* End XCBuildConfiguration section */

/* Begin XCConfigurationList section */
		7C8BE12A25110DC600EA25DC /* Build configuration list for PBXProject "SWAPIApp" */ = {
			isa = XCConfigurationList;
			buildConfigurations = (
				7C8BE15725110DCB00EA25DC /* Debug */,
				7C8BE15825110DCB00EA25DC /* Release */,
			);
			defaultConfigurationIsVisible = 0;
			defaultConfigurationName = Release;
		};
		7C8BE15925110DCB00EA25DC /* Build configuration list for PBXNativeTarget "SWAPIApp" */ = {
			isa = XCConfigurationList;
			buildConfigurations = (
				7C8BE15A25110DCB00EA25DC /* Debug */,
				7C8BE15B25110DCB00EA25DC /* Release */,
			);
			defaultConfigurationIsVisible = 0;
			defaultConfigurationName = Release;
		};
		7C8BE15C25110DCB00EA25DC /* Build configuration list for PBXNativeTarget "SWAPIAppTests" */ = {
			isa = XCConfigurationList;
			buildConfigurations = (
				7C8BE15D25110DCB00EA25DC /* Debug */,
				7C8BE15E25110DCB00EA25DC /* Release */,
			);
			defaultConfigurationIsVisible = 0;
			defaultConfigurationName = Release;
		};
		7C8BE15F25110DCB00EA25DC /* Build configuration list for PBXNativeTarget "SWAPIAppUITests" */ = {
			isa = XCConfigurationList;
			buildConfigurations = (
				7C8BE16025110DCB00EA25DC /* Debug */,
				7C8BE16125110DCB00EA25DC /* Release */,
			);
			defaultConfigurationIsVisible = 0;
			defaultConfigurationName = Release;
		};
/* End XCConfigurationList section */
	};
	rootObject = 7C8BE12725110DC600EA25DC /* Project object */;
}
